
Microsoft Visual Studio Solution File, Format Version 12.00
# Visual Studio Version 17
VisualStudioVersion = 17.2.32630.192
MinimumVisualStudioVersion = 10.0.40219.1
Project("{FAE04EC0-301F-11D3-BF4B-00C04F79EFBC}") = "deleteme1", "deleteme1\deleteme1.csproj", "{0969F088-9512-4EEB-851F-6A5E4E5D8F68}"
EndProject
Global
	GlobalSection(SolutionConfigurationPlatforms) = preSolution
		Debug|Any CPU = Debug|Any CPU
		Release|Any CPU = Release|Any CPU
	EndGlobalSection
	GlobalSection(ProjectConfigurationPlatforms) = postSolution
		{0969F088-9512-4EEB-851F-6A5E4E5D8F68}.Debug|Any CPU.ActiveCfg = Debug|Any CPU
		{0969F088-9512-4EEB-851F-6A5E4E5D8F68}.Debug|Any CPU.Build.0 = Debug|Any CPU
		{0969F088-9512-4EEB-851F-6A5E4E5D8F68}.Release|Any CPU.ActiveCfg = Release|Any CPU
		{0969F088-9512-4EEB-851F-6A5E4E5D8F68}.Release|Any CPU.Build.0 = Release|Any CPU
	EndGlobalSection
	GlobalSection(SolutionProperties) = preSolution
		HideSolutionNode = FALSE
	EndGlobalSection
	GlobalSection(ExtensibilityGlobals) = postSolution
		SolutionGuid = {22ACC2E0-0AA2-4566-BFF0-6C151D6B611F}
	EndGlobalSection
EndGlobal
